// !$*UTF8*$!
{
	archiveVersion = 1;
	classes = {
	};
	objectVersion = 46;
	objects = {

/* Begin PBXBuildFile section */
		011CADA61DB1657E00E40923 /* AppDelegate.swift in Sources */ = {isa = PBXBuildFile; fileRef = 011CADA51DB1657E00E40923 /* AppDelegate.swift */; };
		011CADA81DB1657E00E40923 /* LoginViewController.swift in Sources */ = {isa = PBXBuildFile; fileRef = 011CADA71DB1657E00E40923 /* LoginViewController.swift */; };
		011CADAD1DB1657E00E40923 /* Assets.xcassets in Resources */ = {isa = PBXBuildFile; fileRef = 011CADAC1DB1657E00E40923 /* Assets.xcassets */; };
		011CADB01DB1657E00E40923 /* LaunchScreen.storyboard in Resources */ = {isa = PBXBuildFile; fileRef = 011CADAE1DB1657E00E40923 /* LaunchScreen.storyboard */; };
		0120C8861DB340FF0049B95E /* PlaylistsViewController.swift in Sources */ = {isa = PBXBuildFile; fileRef = 0120C8841DB340FF0049B95E /* PlaylistsViewController.swift */; };
		0120C88A1DB424600049B95E /* Playlist.swift in Sources */ = {isa = PBXBuildFile; fileRef = 0120C8891DB424600049B95E /* Playlist.swift */; };
		0120C88D1DB42F950049B95E /* PlaylistTableViewCell.swift in Sources */ = {isa = PBXBuildFile; fileRef = 0120C88B1DB42F950049B95E /* PlaylistTableViewCell.swift */; };
		0120C8911DB455520049B95E /* DetailPlaylistViewController.swift in Sources */ = {isa = PBXBuildFile; fileRef = 0120C8901DB455520049B95E /* DetailPlaylistViewController.swift */; };
		0120C8941DB470FD0049B95E /* PlaylistsDataSource.swift in Sources */ = {isa = PBXBuildFile; fileRef = 0120C8931DB470FD0049B95E /* PlaylistsDataSource.swift */; };
		0174BD661DB205380056C418 /* SpotifyEndpoint.swift in Sources */ = {isa = PBXBuildFile; fileRef = 0174BD651DB205380056C418 /* SpotifyEndpoint.swift */; };
		0174BD6A1DB30E570056C418 /* NavigationViewController.swift in Sources */ = {isa = PBXBuildFile; fileRef = 0174BD691DB30E570056C418 /* NavigationViewController.swift */; };
		0174BD6C1DB310150056C418 /* LoginView.xib in Resources */ = {isa = PBXBuildFile; fileRef = 0174BD6B1DB310150056C418 /* LoginView.xib */; };
		0174BD701DB32B250056C418 /* SpotifySession.swift in Sources */ = {isa = PBXBuildFile; fileRef = 0174BD6F1DB32B250056C418 /* SpotifySession.swift */; };
		0174BD711DB330880056C418 /* SpotifyAuth.swift in Sources */ = {isa = PBXBuildFile; fileRef = 0174BD631DB1E9A40056C418 /* SpotifyAuth.swift */; };
		01F55FB91DB48E87003E10DB /* PlaylistsTracksDataSource.swift in Sources */ = {isa = PBXBuildFile; fileRef = 01F55FB81DB48E87003E10DB /* PlaylistsTracksDataSource.swift */; };
		01F55FBB1DB49231003E10DB /* Track.swift in Sources */ = {isa = PBXBuildFile; fileRef = 01F55FBA1DB49231003E10DB /* Track.swift */; };
		01F55FBD1DB497AF003E10DB /* SpotifyUser.swift in Sources */ = {isa = PBXBuildFile; fileRef = 01F55FBC1DB497AF003E10DB /* SpotifyUser.swift */; };
		EDD39F82733801D378F6A272 /* Pods_SpotifyClient.framework in Frameworks */ = {isa = PBXBuildFile; fileRef = 833A9D4BA1CC8D7FABC6B43D /* Pods_SpotifyClient.framework */; };
/* End PBXBuildFile section */

/* Begin PBXFileReference section */
		011CADA21DB1657E00E40923 /* SpotifyClient.app */ = {isa = PBXFileReference; explicitFileType = wrapper.application; includeInIndex = 0; path = SpotifyClient.app; sourceTree = BUILT_PRODUCTS_DIR; };
		011CADA51DB1657E00E40923 /* AppDelegate.swift */ = {isa = PBXFileReference; lastKnownFileType = sourcecode.swift; path = AppDelegate.swift; sourceTree = "<group>"; };
		011CADA71DB1657E00E40923 /* LoginViewController.swift */ = {isa = PBXFileReference; lastKnownFileType = sourcecode.swift; path = LoginViewController.swift; sourceTree = "<group>"; };
		011CADAC1DB1657E00E40923 /* Assets.xcassets */ = {isa = PBXFileReference; lastKnownFileType = folder.assetcatalog; path = Assets.xcassets; sourceTree = "<group>"; };
		011CADAF1DB1657E00E40923 /* Base */ = {isa = PBXFileReference; lastKnownFileType = file.storyboard; name = Base; path = Base.lproj/LaunchScreen.storyboard; sourceTree = "<group>"; };
		011CADB11DB1657E00E40923 /* Info.plist */ = {isa = PBXFileReference; lastKnownFileType = text.plist.xml; path = Info.plist; sourceTree = "<group>"; };
		0120C8841DB340FF0049B95E /* PlaylistsViewController.swift */ = {isa = PBXFileReference; fileEncoding = 4; lastKnownFileType = sourcecode.swift; path = PlaylistsViewController.swift; sourceTree = "<group>"; };
		0120C8891DB424600049B95E /* Playlist.swift */ = {isa = PBXFileReference; fileEncoding = 4; lastKnownFileType = sourcecode.swift; path = Playlist.swift; sourceTree = "<group>"; };
		0120C88B1DB42F950049B95E /* PlaylistTableViewCell.swift */ = {isa = PBXFileReference; fileEncoding = 4; lastKnownFileType = sourcecode.swift; path = PlaylistTableViewCell.swift; sourceTree = "<group>"; };
		0120C8901DB455520049B95E /* DetailPlaylistViewController.swift */ = {isa = PBXFileReference; fileEncoding = 4; lastKnownFileType = sourcecode.swift; path = DetailPlaylistViewController.swift; sourceTree = "<group>"; };
		0120C8931DB470FD0049B95E /* PlaylistsDataSource.swift */ = {isa = PBXFileReference; fileEncoding = 4; lastKnownFileType = sourcecode.swift; path = PlaylistsDataSource.swift; sourceTree = "<group>"; };
		0174BD631DB1E9A40056C418 /* SpotifyAuth.swift */ = {isa = PBXFileReference; fileEncoding = 4; lastKnownFileType = sourcecode.swift; path = SpotifyAuth.swift; sourceTree = "<group>"; };
		0174BD651DB205380056C418 /* SpotifyEndpoint.swift */ = {isa = PBXFileReference; fileEncoding = 4; lastKnownFileType = sourcecode.swift; path = SpotifyEndpoint.swift; sourceTree = "<group>"; };
		0174BD691DB30E570056C418 /* NavigationViewController.swift */ = {isa = PBXFileReference; fileEncoding = 4; lastKnownFileType = sourcecode.swift; path = NavigationViewController.swift; sourceTree = "<group>"; };
		0174BD6B1DB310150056C418 /* LoginView.xib */ = {isa = PBXFileReference; fileEncoding = 4; lastKnownFileType = file.xib; path = LoginView.xib; sourceTree = "<group>"; };
		0174BD6F1DB32B250056C418 /* SpotifySession.swift */ = {isa = PBXFileReference; fileEncoding = 4; lastKnownFileType = sourcecode.swift; path = SpotifySession.swift; sourceTree = "<group>"; };
		01F55FB81DB48E87003E10DB /* PlaylistsTracksDataSource.swift */ = {isa = PBXFileReference; fileEncoding = 4; lastKnownFileType = sourcecode.swift; path = PlaylistsTracksDataSource.swift; sourceTree = "<group>"; };
		01F55FBA1DB49231003E10DB /* Track.swift */ = {isa = PBXFileReference; fileEncoding = 4; lastKnownFileType = sourcecode.swift; path = Track.swift; sourceTree = "<group>"; };
		01F55FBC1DB497AF003E10DB /* SpotifyUser.swift */ = {isa = PBXFileReference; fileEncoding = 4; lastKnownFileType = sourcecode.swift; path = SpotifyUser.swift; sourceTree = "<group>"; };
		09AF2A572778C100DB773AFD /* Pods-SpotifyClient.debug.xcconfig */ = {isa = PBXFileReference; includeInIndex = 1; lastKnownFileType = text.xcconfig; name = "Pods-SpotifyClient.debug.xcconfig"; path = "Pods/Target Support Files/Pods-SpotifyClient/Pods-SpotifyClient.debug.xcconfig"; sourceTree = "<group>"; };
		833A9D4BA1CC8D7FABC6B43D /* Pods_SpotifyClient.framework */ = {isa = PBXFileReference; explicitFileType = wrapper.framework; includeInIndex = 0; path = Pods_SpotifyClient.framework; sourceTree = BUILT_PRODUCTS_DIR; };
		92E258D8F3077774DE00C70F /* Pods-SpotifyClient.release.xcconfig */ = {isa = PBXFileReference; includeInIndex = 1; lastKnownFileType = text.xcconfig; name = "Pods-SpotifyClient.release.xcconfig"; path = "Pods/Target Support Files/Pods-SpotifyClient/Pods-SpotifyClient.release.xcconfig"; sourceTree = "<group>"; };
/* End PBXFileReference section */

/* Begin PBXFrameworksBuildPhase section */
		011CAD9F1DB1657E00E40923 /* Frameworks */ = {
			isa = PBXFrameworksBuildPhase;
			buildActionMask = 2147483647;
			files = (
				EDD39F82733801D378F6A272 /* Pods_SpotifyClient.framework in Frameworks */,
			);
			runOnlyForDeploymentPostprocessing = 0;
		};
/* End PBXFrameworksBuildPhase section */

/* Begin PBXGroup section */
		011CAD991DB1657E00E40923 = {
			isa = PBXGroup;
			children = (
				011CADA41DB1657E00E40923 /* SpotifyClient */,
				011CADA31DB1657E00E40923 /* Products */,
				91EED9D64D90E710C94A834B /* Pods */,
				9A2BC8F9AD5252F1C90BAE0C /* Frameworks */,
			);
			sourceTree = "<group>";
		};
		011CADA31DB1657E00E40923 /* Products */ = {
			isa = PBXGroup;
			children = (
				011CADA21DB1657E00E40923 /* SpotifyClient.app */,
			);
			name = Products;
			sourceTree = "<group>";
		};
		011CADA41DB1657E00E40923 /* SpotifyClient */ = {
			isa = PBXGroup;
			children = (
				011CADA51DB1657E00E40923 /* AppDelegate.swift */,
				0174BD691DB30E570056C418 /* NavigationViewController.swift */,
				0174BD6D1DB3101B0056C418 /* Login */,
				0120C8881DB341050049B95E /* Playlists */,
				0120C8921DB455660049B95E /* Playlist/Tracks */,
				0174BD6E1DB312180056C418 /* Spotify API */,
				011CADAC1DB1657E00E40923 /* Assets.xcassets */,
				011CADAE1DB1657E00E40923 /* LaunchScreen.storyboard */,
				011CADB11DB1657E00E40923 /* Info.plist */,
			);
			path = SpotifyClient;
			sourceTree = "<group>";
		};
		0120C8881DB341050049B95E /* Playlists */ = {
			isa = PBXGroup;
			children = (
				0120C8931DB470FD0049B95E /* PlaylistsDataSource.swift */,
				0120C8841DB340FF0049B95E /* PlaylistsViewController.swift */,
				0120C88F1DB42F9F0049B95E /* Cell */,
			);
			name = Playlists;
			sourceTree = "<group>";
		};
		0120C88F1DB42F9F0049B95E /* Cell */ = {
			isa = PBXGroup;
			children = (
				0120C88B1DB42F950049B95E /* PlaylistTableViewCell.swift */,
			);
			name = Cell;
			sourceTree = "<group>";
		};
		0120C8921DB455660049B95E /* Playlist/Tracks */ = {
			isa = PBXGroup;
			children = (
				0120C8891DB424600049B95E /* Playlist.swift */,
				01F55FBA1DB49231003E10DB /* Track.swift */,
				0120C8901DB455520049B95E /* DetailPlaylistViewController.swift */,
				01F55FB81DB48E87003E10DB /* PlaylistsTracksDataSource.swift */,
			);
			name = Playlist/Tracks;
			sourceTree = "<group>";
		};
		0174BD6D1DB3101B0056C418 /* Login */ = {
			isa = PBXGroup;
			children = (
				011CADA71DB1657E00E40923 /* LoginViewController.swift */,
				0174BD6B1DB310150056C418 /* LoginView.xib */,
			);
			name = Login;
			sourceTree = "<group>";
		};
		0174BD6E1DB312180056C418 /* Spotify API */ = {
			isa = PBXGroup;
			children = (
				0174BD631DB1E9A40056C418 /* SpotifyAuth.swift */,
				0174BD651DB205380056C418 /* SpotifyEndpoint.swift */,
				0174BD6F1DB32B250056C418 /* SpotifySession.swift */,
				01F55FBC1DB497AF003E10DB /* SpotifyUser.swift */,
			);
			name = "Spotify API";
			sourceTree = "<group>";
		};
		91EED9D64D90E710C94A834B /* Pods */ = {
			isa = PBXGroup;
			children = (
				09AF2A572778C100DB773AFD /* Pods-SpotifyClient.debug.xcconfig */,
				92E258D8F3077774DE00C70F /* Pods-SpotifyClient.release.xcconfig */,
			);
			name = Pods;
			sourceTree = "<group>";
		};
		9A2BC8F9AD5252F1C90BAE0C /* Frameworks */ = {
			isa = PBXGroup;
			children = (
				833A9D4BA1CC8D7FABC6B43D /* Pods_SpotifyClient.framework */,
			);
			name = Frameworks;
			sourceTree = "<group>";
		};
/* End PBXGroup section */

/* Begin PBXNativeTarget section */
		011CADA11DB1657E00E40923 /* SpotifyClient */ = {
			isa = PBXNativeTarget;
			buildConfigurationList = 011CADB41DB1657E00E40923 /* Build configuration list for PBXNativeTarget "SpotifyClient" */;
			buildPhases = (
				37DB25FA28E105A1F4E10C9B /* [CP] Check Pods Manifest.lock */,
				011CAD9E1DB1657E00E40923 /* Sources */,
				011CAD9F1DB1657E00E40923 /* Frameworks */,
				011CADA01DB1657E00E40923 /* Resources */,
				6C36264FA1FBEBADFE9265B5 /* [CP] Embed Pods Frameworks */,
				F724DC263C921E521F089B73 /* [CP] Copy Pods Resources */,
			);
			buildRules = (
			);
			dependencies = (
			);
			name = SpotifyClient;
			productName = SpotifyClient;
			productReference = 011CADA21DB1657E00E40923 /* SpotifyClient.app */;
			productType = "com.apple.product-type.application";
		};
/* End PBXNativeTarget section */

/* Begin PBXProject section */
		011CAD9A1DB1657E00E40923 /* Project object */ = {
			isa = PBXProject;
			attributes = {
				LastSwiftUpdateCheck = 0800;
				LastUpgradeCheck = 0800;
				ORGANIZATIONNAME = "Daniel Inoa";
				TargetAttributes = {
					011CADA11DB1657E00E40923 = {
						CreatedOnToolsVersion = 8.0;
						DevelopmentTeam = A8SJS26GGQ;
						ProvisioningStyle = Automatic;
					};
				};
			};
			buildConfigurationList = 011CAD9D1DB1657E00E40923 /* Build configuration list for PBXProject "SpotifyClient" */;
			compatibilityVersion = "Xcode 3.2";
			developmentRegion = English;
			hasScannedForEncodings = 0;
			knownRegions = (
				en,
				Base,
			);
			mainGroup = 011CAD991DB1657E00E40923;
			productRefGroup = 011CADA31DB1657E00E40923 /* Products */;
			projectDirPath = "";
			projectRoot = "";
			targets = (
				011CADA11DB1657E00E40923 /* SpotifyClient */,
			);
		};
/* End PBXProject section */

/* Begin PBXResourcesBuildPhase section */
		011CADA01DB1657E00E40923 /* Resources */ = {
			isa = PBXResourcesBuildPhase;
			buildActionMask = 2147483647;
			files = (
				011CADB01DB1657E00E40923 /* LaunchScreen.storyboard in Resources */,
				011CADAD1DB1657E00E40923 /* Assets.xcassets in Resources */,
				0174BD6C1DB310150056C418 /* LoginView.xib in Resources */,
			);
			runOnlyForDeploymentPostprocessing = 0;
		};
/* End PBXResourcesBuildPhase section */

/* Begin PBXShellScriptBuildPhase section */
		37DB25FA28E105A1F4E10C9B /* [CP] Check Pods Manifest.lock */ = {
			isa = PBXShellScriptBuildPhase;
			buildActionMask = 2147483647;
			files = (
			);
			inputPaths = (
			);
			name = "[CP] Check Pods Manifest.lock";
			outputPaths = (
			);
			runOnlyForDeploymentPostprocessing = 0;
			shellPath = /bin/sh;
			shellScript = "diff \"${PODS_ROOT}/../Podfile.lock\" \"${PODS_ROOT}/Manifest.lock\" > /dev/null\nif [[ $? != 0 ]] ; then\n    cat << EOM\nerror: The sandbox is not in sync with the Podfile.lock. Run 'pod install' or update your CocoaPods installation.\nEOM\n    exit 1\nfi\n";
			showEnvVarsInLog = 0;
		};
		6C36264FA1FBEBADFE9265B5 /* [CP] Embed Pods Frameworks */ = {
			isa = PBXShellScriptBuildPhase;
			buildActionMask = 2147483647;
			files = (
			);
			inputPaths = (
			);
			name = "[CP] Embed Pods Frameworks";
			outputPaths = (
			);
			runOnlyForDeploymentPostprocessing = 0;
			shellPath = /bin/sh;
			shellScript = "\"${SRCROOT}/Pods/Target Support Files/Pods-SpotifyClient/Pods-SpotifyClient-frameworks.sh\"\n";
			showEnvVarsInLog = 0;
		};
		F724DC263C921E521F089B73 /* [CP] Copy Pods Resources */ = {
			isa = PBXShellScriptBuildPhase;
			buildActionMask = 2147483647;
			files = (
			);
			inputPaths = (
			);
			name = "[CP] Copy Pods Resources";
			outputPaths = (
			);
			runOnlyForDeploymentPostprocessing = 0;
			shellPath = /bin/sh;
			shellScript = "\"${SRCROOT}/Pods/Target Support Files/Pods-SpotifyClient/Pods-SpotifyClient-resources.sh\"\n";
			showEnvVarsInLog = 0;
		};
/* End PBXShellScriptBuildPhase section */

/* Begin PBXSourcesBuildPhase section */
		011CAD9E1DB1657E00E40923 /* Sources */ = {
			isa = PBXSourcesBuildPhase;
			buildActionMask = 2147483647;
			files = (
				0120C8941DB470FD0049B95E /* PlaylistsDataSource.swift in Sources */,
				0174BD711DB330880056C418 /* SpotifyAuth.swift in Sources */,
				011CADA81DB1657E00E40923 /* LoginViewController.swift in Sources */,
				0120C8861DB340FF0049B95E /* PlaylistsViewController.swift in Sources */,
				0120C88A1DB424600049B95E /* Playlist.swift in Sources */,
				011CADA61DB1657E00E40923 /* AppDelegate.swift in Sources */,
				0120C8911DB455520049B95E /* DetailPlaylistViewController.swift in Sources */,
				0174BD6A1DB30E570056C418 /* NavigationViewController.swift in Sources */,
				01F55FB91DB48E87003E10DB /* PlaylistsTracksDataSource.swift in Sources */,
				0174BD661DB205380056C418 /* SpotifyEndpoint.swift in Sources */,
				01F55FBB1DB49231003E10DB /* Track.swift in Sources */,
				0174BD701DB32B250056C418 /* SpotifySession.swift in Sources */,
				0120C88D1DB42F950049B95E /* PlaylistTableViewCell.swift in Sources */,
				01F55FBD1DB497AF003E10DB /* SpotifyUser.swift in Sources */,
			);
			runOnlyForDeploymentPostprocessing = 0;
		};
/* End PBXSourcesBuildPhase section */

/* Begin PBXVariantGroup section */
		011CADAE1DB1657E00E40923 /* LaunchScreen.storyboard */ = {
			isa = PBXVariantGroup;
			children = (
				011CADAF1DB1657E00E40923 /* Base */,
			);
			name = LaunchScreen.storyboard;
			sourceTree = "<group>";
		};
/* End PBXVariantGroup section */

/* Begin XCBuildConfiguration section */
		011CADB21DB1657E00E40923 /* Debug */ = {
			isa = XCBuildConfiguration;
			buildSettings = {
				ALWAYS_SEARCH_USER_PATHS = NO;
				CLANG_ANALYZER_NONNULL = YES;
				CLANG_CXX_LANGUAGE_STANDARD = "gnu++0x";
				CLANG_CXX_LIBRARY = "libc++";
				CLANG_ENABLE_MODULES = YES;
				CLANG_ENABLE_OBJC_ARC = YES;
				CLANG_WARN_BOOL_CONVERSION = YES;
				CLANG_WARN_CONSTANT_CONVERSION = YES;
				CLANG_WARN_DIRECT_OBJC_ISA_USAGE = YES_ERROR;
				CLANG_WARN_DOCUMENTATION_COMMENTS = YES;
				CLANG_WARN_EMPTY_BODY = YES;
				CLANG_WARN_ENUM_CONVERSION = YES;
				CLANG_WARN_INFINITE_RECURSION = YES;
				CLANG_WARN_INT_CONVERSION = YES;
				CLANG_WARN_OBJC_ROOT_CLASS = YES_ERROR;
				CLANG_WARN_SUSPICIOUS_MOVES = YES;
				CLANG_WARN_UNREACHABLE_CODE = YES;
				CLANG_WARN__DUPLICATE_METHOD_MATCH = YES;
				"CODE_SIGN_IDENTITY[sdk=iphoneos*]" = "iPhone Developer";
				COPY_PHASE_STRIP = NO;
				DEBUG_INFORMATION_FORMAT = dwarf;
				ENABLE_STRICT_OBJC_MSGSEND = YES;
				ENABLE_TESTABILITY = YES;
				GCC_C_LANGUAGE_STANDARD = gnu99;
				GCC_DYNAMIC_NO_PIC = NO;
				GCC_NO_COMMON_BLOCKS = YES;
				GCC_OPTIMIZATION_LEVEL = 0;
				GCC_PREPROCESSOR_DEFINITIONS = (
					"DEBUG=1",
					"$(inherited)",
				);
				GCC_WARN_64_TO_32_BIT_CONVERSION = YES;
				GCC_WARN_ABOUT_RETURN_TYPE = YES_ERROR;
				GCC_WARN_UNDECLARED_SELECTOR = YES;
				GCC_WARN_UNINITIALIZED_AUTOS = YES_AGGRESSIVE;
				GCC_WARN_UNUSED_FUNCTION = YES;
				GCC_WARN_UNUSED_VARIABLE = YES;
				IPHONEOS_DEPLOYMENT_TARGET = 10.0;
				MTL_ENABLE_DEBUG_INFO = YES;
				ONLY_ACTIVE_ARCH = YES;
				SDKROOT = iphoneos;
				SWIFT_ACTIVE_COMPILATION_CONDITIONS = DEBUG;
				SWIFT_OPTIMIZATION_LEVEL = "-Onone";
			};
			name = Debug;
		};
		011CADB31DB1657E00E40923 /* Release */ = {
			isa = XCBuildConfiguration;
			buildSettings = {
				ALWAYS_SEARCH_USER_PATHS = NO;
				CLANG_ANALYZER_NONNULL = YES;
				CLANG_CXX_LANGUAGE_STANDARD = "gnu++0x";
				CLANG_CXX_LIBRARY = "libc++";
				CLANG_ENABLE_MODULES = YES;
				CLANG_ENABLE_OBJC_ARC = YES;
				CLANG_WARN_BOOL_CONVERSION = YES;
				CLANG_WARN_CONSTANT_CONVERSION = YES;
				CLANG_WARN_DIRECT_OBJC_ISA_USAGE = YES_ERROR;
				CLANG_WARN_DOCUMENTATION_COMMENTS = YES;
				CLANG_WARN_EMPTY_BODY = YES;
				CLANG_WARN_ENUM_CONVERSION = YES;
				CLANG_WARN_INFINITE_RECURSION = YES;
				CLANG_WARN_INT_CONVERSION = YES;
				CLANG_WARN_OBJC_ROOT_CLASS = YES_ERROR;
				CLANG_WARN_SUSPICIOUS_MOVES = YES;
				CLANG_WARN_UNREACHABLE_CODE = YES;
				CLANG_WARN__DUPLICATE_METHOD_MATCH = YES;
				"CODE_SIGN_IDENTITY[sdk=iphoneos*]" = "iPhone Developer";
				COPY_PHASE_STRIP = NO;
				DEBUG_INFORMATION_FORMAT = "dwarf-with-dsym";
				ENABLE_NS_ASSERTIONS = NO;
				ENABLE_STRICT_OBJC_MSGSEND = YES;
				GCC_C_LANGUAGE_STANDARD = gnu99;
				GCC_NO_COMMON_BLOCKS = YES;
				GCC_WARN_64_TO_32_BIT_CONVERSION = YES;
				GCC_WARN_ABOUT_RETURN_TYPE = YES_ERROR;
				GCC_WARN_UNDECLARED_SELECTOR = YES;
				GCC_WARN_UNINITIALIZED_AUTOS = YES_AGGRESSIVE;
				GCC_WARN_UNUSED_FUNCTION = YES;
				GCC_WARN_UNUSED_VARIABLE = YES;
				IPHONEOS_DEPLOYMENT_TARGET = 10.0;
				MTL_ENABLE_DEBUG_INFO = NO;
				SDKROOT = iphoneos;
				SWIFT_OPTIMIZATION_LEVEL = "-Owholemodule";
				VALIDATE_PRODUCT = YES;
			};
			name = Release;
		};
		011CADB51DB1657E00E40923 /* Debug */ = {
			isa = XCBuildConfiguration;
			baseConfigurationReference = 09AF2A572778C100DB773AFD /* Pods-SpotifyClient.debug.xcconfig */;
			buildSettings = {
				ASSETCATALOG_COMPILER_APPICON_NAME = AppIcon;
				DEVELOPMENT_TEAM = A8SJS26GGQ;
				INFOPLIST_FILE = SpotifyClient/Info.plist;
				LD_RUNPATH_SEARCH_PATHS = "$(inherited) @executable_path/Frameworks";
				PRODUCT_BUNDLE_IDENTIFIER = com.danielinoa.SpotifyClient;
				PRODUCT_NAME = "$(TARGET_NAME)";
				SWIFT_VERSION = 3.0;
			};
			name = Debug;
		};
		011CADB61DB1657E00E40923 /* Release */ = {
			isa = XCBuildConfiguration;
			baseConfigurationReference = 92E258D8F3077774DE00C70F /* Pods-SpotifyClient.release.xcconfig */;
			buildSettings = {
				ASSETCATALOG_COMPILER_APPICON_NAME = AppIcon;
				DEVELOPMENT_TEAM = A8SJS26GGQ;
				INFOPLIST_FILE = SpotifyClient/Info.plist;
				LD_RUNPATH_SEARCH_PATHS = "$(inherited) @executable_path/Frameworks";
				PRODUCT_BUNDLE_IDENTIFIER = com.danielinoa.SpotifyClient;
				PRODUCT_NAME = "$(TARGET_NAME)";
				SWIFT_VERSION = 3.0;
			};
			name = Release;
		};
/* End XCBuildConfiguration section */

/* Begin XCConfigurationList section */
		011CAD9D1DB1657E00E40923 /* Build configuration list for PBXProject "SpotifyClient" */ = {
			isa = XCConfigurationList;
			buildConfigurations = (
				011CADB21DB1657E00E40923 /* Debug */,
				011CADB31DB1657E00E40923 /* Release */,
			);
			defaultConfigurationIsVisible = 0;
			defaultConfigurationName = Release;
		};
		011CADB41DB1657E00E40923 /* Build configuration list for PBXNativeTarget "SpotifyClient" */ = {
			isa = XCConfigurationList;
			buildConfigurations = (
				011CADB51DB1657E00E40923 /* Debug */,
				011CADB61DB1657E00E40923 /* Release */,
			);
			defaultConfigurationIsVisible = 0;
			defaultConfigurationName = Release;
		};
/* End XCConfigurationList section */
	};
	rootObject = 011CAD9A1DB1657E00E40923 /* Project object */;
}
